
Microsoft Visual Studio Solution File, Format Version 12.00
# Visual Studio Version 16
VisualStudioVersion = 16.0.29306.81
MinimumVisualStudioVersion = 10.0.40219.1
Project("{FAE04EC0-301F-11D3-BF4B-00C04F79EFBC}") = "Task1", "Task1\Task1.csproj", "{6BDA8CD3-E432-4671-B94C-2428FC5D87B1}"
EndProject
Project("{FAE04EC0-301F-11D3-BF4B-00C04F79EFBC}") = "Task2", "Task2\Task2.csproj", "{9F00DE9B-11BD-4EBE-93C3-B6F0CA55124B}"
EndProject
Global
	GlobalSection(SolutionConfigurationPlatforms) = preSolution
		Debug|Any CPU = Debug|Any CPU
		Release|Any CPU = Release|Any CPU
	EndGlobalSection
	GlobalSection(ProjectConfigurationPlatforms) = postSolution
		{6BDA8CD3-E432-4671-B94C-2428FC5D87B1}.Debug|Any CPU.ActiveCfg = Debug|Any CPU
		{6BDA8CD3-E432-4671-B94C-2428FC5D87B1}.Debug|Any CPU.Build.0 = Debug|Any CPU
		{6BDA8CD3-E432-4671-B94C-2428FC5D87B1}.Release|Any CPU.ActiveCfg = Release|Any CPU
		{6BDA8CD3-E432-4671-B94C-2428FC5D87B1}.Release|Any CPU.Build.0 = Release|Any CPU
		{9F00DE9B-11BD-4EBE-93C3-B6F0CA55124B}.Debug|Any CPU.ActiveCfg = Debug|Any CPU
		{9F00DE9B-11BD-4EBE-93C3-B6F0CA55124B}.Debug|Any CPU.Build.0 = Debug|Any CPU
		{9F00DE9B-11BD-4EBE-93C3-B6F0CA55124B}.Release|Any CPU.ActiveCfg = Release|Any CPU
		{9F00DE9B-11BD-4EBE-93C3-B6F0CA55124B}.Release|Any CPU.Build.0 = Release|Any CPU
	EndGlobalSection
	GlobalSection(SolutionProperties) = preSolution
		HideSolutionNode = FALSE
	EndGlobalSection
	GlobalSection(ExtensibilityGlobals) = postSolution
		SolutionGuid = {8AED2235-0945-4B6E-B63F-D945132CB434}
	EndGlobalSection
EndGlobal
